
Microsoft Visual Studio Solution File, Format Version 12.00
# Visual Studio Version 16
VisualStudioVersion = 16.0.31025.194
MinimumVisualStudioVersion = 10.0.40219.1
Project("{FAE04EC0-301F-11D3-BF4B-00C04F79EFBC}") = "TollCalc", "TollCalc.csproj", "{57913398-C4F0-476E-B2FD-2531172CCDAE}"
EndProject
Global
	GlobalSection(SolutionConfigurationPlatforms) = preSolution
		Debug|Any CPU = Debug|Any CPU
		Release|Any CPU = Release|Any CPU
	EndGlobalSection
	GlobalSection(ProjectConfigurationPlatforms) = postSolution
		{57913398-C4F0-476E-B2FD-2531172CCDAE}.Debug|Any CPU.ActiveCfg = Debug|Any CPU
		{57913398-C4F0-476E-B2FD-2531172CCDAE}.Debug|Any CPU.Build.0 = Debug|Any CPU
		{57913398-C4F0-476E-B2FD-2531172CCDAE}.Release|Any CPU.ActiveCfg = Release|Any CPU
		{57913398-C4F0-476E-B2FD-2531172CCDAE}.Release|Any CPU.Build.0 = Release|Any CPU
	EndGlobalSection
	GlobalSection(SolutionProperties) = preSolution
		HideSolutionNode = FALSE
	EndGlobalSection
	GlobalSection(ExtensibilityGlobals) = postSolution
		SolutionGuid = {A69F5775-6F77-48BC-976D-909241054FA6}
	EndGlobalSection
EndGlobal
